
Microsoft Visual Studio Solution File, Format Version 12.00
# Visual Studio Version 16
VisualStudioVersion = 16.0.30114.105
MinimumVisualStudioVersion = 10.0.40219.1
Project("{FAE04EC0-301F-11D3-BF4B-00C04F79EFBC}") = "Domain", "Domain\Domain.csproj", "{E6053CF4-8999-4BD6-9A97-95ACBD270B19}"
EndProject
Project("{FAE04EC0-301F-11D3-BF4B-00C04F79EFBC}") = "Application", "Application\Application.csproj", "{94D8698B-07C9-48EE-9CE6-712563353533}"
EndProject
Project("{FAE04EC0-301F-11D3-BF4B-00C04F79EFBC}") = "Persistence", "Persistence\Persistence.csproj", "{6F987052-6771-4FCE-95A3-42DEB07DADA5}"
EndProject
Project("{FAE04EC0-301F-11D3-BF4B-00C04F79EFBC}") = "API", "API\API.csproj", "{2281E6C2-CD80-4B1D-817E-B27B2E58BCB2}"
EndProject
Global
	GlobalSection(SolutionConfigurationPlatforms) = preSolution
		Debug|Any CPU = Debug|Any CPU
		Release|Any CPU = Release|Any CPU
	EndGlobalSection
	GlobalSection(SolutionProperties) = preSolution
		HideSolutionNode = FALSE
	EndGlobalSection
	GlobalSection(ProjectConfigurationPlatforms) = postSolution
		{E6053CF4-8999-4BD6-9A97-95ACBD270B19}.Debug|Any CPU.ActiveCfg = Debug|Any CPU
		{E6053CF4-8999-4BD6-9A97-95ACBD270B19}.Debug|Any CPU.Build.0 = Debug|Any CPU
		{E6053CF4-8999-4BD6-9A97-95ACBD270B19}.Release|Any CPU.ActiveCfg = Release|Any CPU
		{E6053CF4-8999-4BD6-9A97-95ACBD270B19}.Release|Any CPU.Build.0 = Release|Any CPU
		{94D8698B-07C9-48EE-9CE6-712563353533}.Debug|Any CPU.ActiveCfg = Debug|Any CPU
		{94D8698B-07C9-48EE-9CE6-712563353533}.Debug|Any CPU.Build.0 = Debug|Any CPU
		{94D8698B-07C9-48EE-9CE6-712563353533}.Release|Any CPU.ActiveCfg = Release|Any CPU
		{94D8698B-07C9-48EE-9CE6-712563353533}.Release|Any CPU.Build.0 = Release|Any CPU
		{6F987052-6771-4FCE-95A3-42DEB07DADA5}.Debug|Any CPU.ActiveCfg = Debug|Any CPU
		{6F987052-6771-4FCE-95A3-42DEB07DADA5}.Debug|Any CPU.Build.0 = Debug|Any CPU
		{6F987052-6771-4FCE-95A3-42DEB07DADA5}.Release|Any CPU.ActiveCfg = Release|Any CPU
		{6F987052-6771-4FCE-95A3-42DEB07DADA5}.Release|Any CPU.Build.0 = Release|Any CPU
		{2281E6C2-CD80-4B1D-817E-B27B2E58BCB2}.Debug|Any CPU.ActiveCfg = Debug|Any CPU
		{2281E6C2-CD80-4B1D-817E-B27B2E58BCB2}.Debug|Any CPU.Build.0 = Debug|Any CPU
		{2281E6C2-CD80-4B1D-817E-B27B2E58BCB2}.Release|Any CPU.ActiveCfg = Release|Any CPU
		{2281E6C2-CD80-4B1D-817E-B27B2E58BCB2}.Release|Any CPU.Build.0 = Release|Any CPU
	EndGlobalSection
EndGlobal
